
Microsoft Visual Studio Solution File, Format Version 10.00
# Visual Studio 2008
Project("{FAE04EC0-301F-11D3-BF4B-00C04F79EFBC}") = "NekoKun", "NekoKun\NekoKun.csproj", "{BBAAB8D0-92E0-4A4A-A1CB-65D2089506E4}"
EndProject
Project("{2150E333-8FDC-42A3-9474-1A3956D46DE8}") = "Libraries", "Libraries", "{011009C2-F0D1-4DE4-8C3F-F3958B13782B}"
EndProject
Project("{FAE04EC0-301F-11D3-BF4B-00C04F79EFBC}") = "ICSharpCode.Core", "Libraries\ICSharpCode.Core\ICSharpCode.Core.csproj", "{35CEF10F-2D4C-45F2-9DD1-161E0FEC583C}"
EndProject
Project("{FAE04EC0-301F-11D3-BF4B-00C04F79EFBC}") = "NekoKun.Base", "NekoKun.Base\NekoKun.Base.csproj", "{C9A2B6BC-5260-4DE3-8082-DCE8B391F7BB}"
EndProject
Project("{FAE04EC0-301F-11D3-BF4B-00C04F79EFBC}") = "WinFormsUI", "Libraries\DockPanel_Src\WinFormsUI\WinFormsUI.csproj", "{D3C782BA-178E-4235-A3BA-8C11DEBB6BEE}"
EndProject
Project("{2150E333-8FDC-42A3-9474-1A3956D46DE8}") = "Addins", "Addins", "{4157A6AC-C440-46A3-AB2F-36B562F002FA}"
EndProject
Project("{2150E333-8FDC-42A3-9474-1A3956D46DE8}") = "Tools", "Tools", "{95625E41-A36D-4E19-BF68-0409B80F9704}"
EndProject
Project("{FAE04EC0-301F-11D3-BF4B-00C04F79EFBC}") = "AddInScout", "Addins\Libraries\AddInScout\AddInScout.csproj", "{98603C7E-F8FF-4348-BD03-B3CEA4083134}"
EndProject
Project("{FAE04EC0-301F-11D3-BF4B-00C04F79EFBC}") = "ObjectEditor", "Addins\ObjectEditor\ObjectEditor.csproj", "{74B7DA5A-7941-401B-BECA-1C02F8697AD9}"
EndProject
Project("{2150E333-8FDC-42A3-9474-1A3956D46DE8}") = "ProjectEngines", "ProjectEngines", "{4C439E5B-5892-4741-8358-9DE318B73A61}"
EndProject
Project("{FAE04EC0-301F-11D3-BF4B-00C04F79EFBC}") = "RGSS3ProjectEngine", "ProjectEngines\RGSS3ProjectEngine\RGSS3ProjectEngine.csproj", "{DFF4B490-B8D9-4F7C-A6AB-F2B7750410EB}"
EndProject
Project("{FAE04EC0-301F-11D3-BF4B-00C04F79EFBC}") = "ScintillaNET", "Libraries\ScintillaNET\ScintillaNET.csproj", "{F9B6DABD-BBC1-4638-8CE6-A5C9506BFDCB}"
EndProject
Project("{FAE04EC0-301F-11D3-BF4B-00C04F79EFBC}") = "RGSSProjectEngineCommon", "ProjectEngines\RGSSProjectEngineCommon\RGSSProjectEngineCommon.csproj", "{79446780-5D26-4B79-A676-473122D6929D}"
EndProject
Global
	GlobalSection(SolutionConfigurationPlatforms) = preSolution
		Debug|Any CPU = Debug|Any CPU
		Release|Any CPU = Release|Any CPU
	EndGlobalSection
	GlobalSection(ProjectConfigurationPlatforms) = postSolution
		{BBAAB8D0-92E0-4A4A-A1CB-65D2089506E4}.Debug|Any CPU.ActiveCfg = Debug|Any CPU
		{BBAAB8D0-92E0-4A4A-A1CB-65D2089506E4}.Debug|Any CPU.Build.0 = Debug|Any CPU
		{BBAAB8D0-92E0-4A4A-A1CB-65D2089506E4}.Release|Any CPU.ActiveCfg = Release|Any CPU
		{BBAAB8D0-92E0-4A4A-A1CB-65D2089506E4}.Release|Any CPU.Build.0 = Release|Any CPU
		{35CEF10F-2D4C-45F2-9DD1-161E0FEC583C}.Debug|Any CPU.ActiveCfg = Debug|Any CPU
		{35CEF10F-2D4C-45F2-9DD1-161E0FEC583C}.Debug|Any CPU.Build.0 = Debug|Any CPU
		{35CEF10F-2D4C-45F2-9DD1-161E0FEC583C}.Release|Any CPU.ActiveCfg = Release|Any CPU
		{35CEF10F-2D4C-45F2-9DD1-161E0FEC583C}.Release|Any CPU.Build.0 = Release|Any CPU
		{C9A2B6BC-5260-4DE3-8082-DCE8B391F7BB}.Debug|Any CPU.ActiveCfg = Debug|Any CPU
		{C9A2B6BC-5260-4DE3-8082-DCE8B391F7BB}.Debug|Any CPU.Build.0 = Debug|Any CPU
		{C9A2B6BC-5260-4DE3-8082-DCE8B391F7BB}.Release|Any CPU.ActiveCfg = Release|Any CPU
		{C9A2B6BC-5260-4DE3-8082-DCE8B391F7BB}.Release|Any CPU.Build.0 = Release|Any CPU
		{D3C782BA-178E-4235-A3BA-8C11DEBB6BEE}.Debug|Any CPU.ActiveCfg = Debug|Any CPU
		{D3C782BA-178E-4235-A3BA-8C11DEBB6BEE}.Debug|Any CPU.Build.0 = Debug|Any CPU
		{D3C782BA-178E-4235-A3BA-8C11DEBB6BEE}.Release|Any CPU.ActiveCfg = Release|Any CPU
		{D3C782BA-178E-4235-A3BA-8C11DEBB6BEE}.Release|Any CPU.Build.0 = Release|Any CPU
		{98603C7E-F8FF-4348-BD03-B3CEA4083134}.Debug|Any CPU.ActiveCfg = Debug|Any CPU
		{98603C7E-F8FF-4348-BD03-B3CEA4083134}.Debug|Any CPU.Build.0 = Debug|Any CPU
		{98603C7E-F8FF-4348-BD03-B3CEA4083134}.Release|Any CPU.ActiveCfg = Release|Any CPU
		{98603C7E-F8FF-4348-BD03-B3CEA4083134}.Release|Any CPU.Build.0 = Release|Any CPU
		{74B7DA5A-7941-401B-BECA-1C02F8697AD9}.Debug|Any CPU.ActiveCfg = Debug|Any CPU
		{74B7DA5A-7941-401B-BECA-1C02F8697AD9}.Debug|Any CPU.Build.0 = Debug|Any CPU
		{74B7DA5A-7941-401B-BECA-1C02F8697AD9}.Release|Any CPU.ActiveCfg = Release|Any CPU
		{74B7DA5A-7941-401B-BECA-1C02F8697AD9}.Release|Any CPU.Build.0 = Release|Any CPU
		{DFF4B490-B8D9-4F7C-A6AB-F2B7750410EB}.Debug|Any CPU.ActiveCfg = Debug|Any CPU
		{DFF4B490-B8D9-4F7C-A6AB-F2B7750410EB}.Debug|Any CPU.Build.0 = Debug|Any CPU
		{DFF4B490-B8D9-4F7C-A6AB-F2B7750410EB}.Release|Any CPU.ActiveCfg = Release|Any CPU
		{DFF4B490-B8D9-4F7C-A6AB-F2B7750410EB}.Release|Any CPU.Build.0 = Release|Any CPU
		{F9B6DABD-BBC1-4638-8CE6-A5C9506BFDCB}.Debug|Any CPU.ActiveCfg = Debug|Any CPU
		{F9B6DABD-BBC1-4638-8CE6-A5C9506BFDCB}.Debug|Any CPU.Build.0 = Debug|Any CPU
		{F9B6DABD-BBC1-4638-8CE6-A5C9506BFDCB}.Release|Any CPU.ActiveCfg = Release|Any CPU
		{F9B6DABD-BBC1-4638-8CE6-A5C9506BFDCB}.Release|Any CPU.Build.0 = Release|Any CPU
		{79446780-5D26-4B79-A676-473122D6929D}.Debug|Any CPU.ActiveCfg = Debug|Any CPU
		{79446780-5D26-4B79-A676-473122D6929D}.Debug|Any CPU.Build.0 = Debug|Any CPU
		{79446780-5D26-4B79-A676-473122D6929D}.Release|Any CPU.ActiveCfg = Release|Any CPU
		{79446780-5D26-4B79-A676-473122D6929D}.Release|Any CPU.Build.0 = Release|Any CPU
	EndGlobalSection
	GlobalSection(SolutionProperties) = preSolution
		HideSolutionNode = FALSE
	EndGlobalSection
	GlobalSection(NestedProjects) = preSolution
		{35CEF10F-2D4C-45F2-9DD1-161E0FEC583C} = {011009C2-F0D1-4DE4-8C3F-F3958B13782B}
		{D3C782BA-178E-4235-A3BA-8C11DEBB6BEE} = {011009C2-F0D1-4DE4-8C3F-F3958B13782B}
		{F9B6DABD-BBC1-4638-8CE6-A5C9506BFDCB} = {011009C2-F0D1-4DE4-8C3F-F3958B13782B}
		{95625E41-A36D-4E19-BF68-0409B80F9704} = {4157A6AC-C440-46A3-AB2F-36B562F002FA}
		{74B7DA5A-7941-401B-BECA-1C02F8697AD9} = {4157A6AC-C440-46A3-AB2F-36B562F002FA}
		{98603C7E-F8FF-4348-BD03-B3CEA4083134} = {95625E41-A36D-4E19-BF68-0409B80F9704}
		{DFF4B490-B8D9-4F7C-A6AB-F2B7750410EB} = {4C439E5B-5892-4741-8358-9DE318B73A61}
		{79446780-5D26-4B79-A676-473122D6929D} = {4C439E5B-5892-4741-8358-9DE318B73A61}
	EndGlobalSection
EndGlobal
